
Microsoft Visual Studio Solution File, Format Version 12.00
# Visual Studio Version 17
VisualStudioVersion = 17.14.36908.2
MinimumVisualStudioVersion = 10.0.40219.1
Project("{FAE04EC0-301F-11D3-BF4B-00C04F79EFBC}") = "SolutionSV22T1020221.Shop", "SolutionSV22T1020221.Shop\SolutionSV22T1020221.Shop.csproj", "{FAD90A07-B6E9-489A-AF12-032268E70D17}"
EndProject
Project("{FAE04EC0-301F-11D3-BF4B-00C04F79EFBC}") = "SolutionSV22T1020221.Admin", "SolutionSV22T1020221.Admin\SolutionSV22T1020221.Admin.csproj", "{A7DB459A-8576-4D93-A9BB-7308F0D550EC}"
EndProject
Project("{2150E333-8FDC-42A3-9474-1A3956D46DE8}") = "Librarly", "Librarly", "{02EA681E-C7D8-13C7-8484-4AC65E1B71E8}"
EndProject
Project("{2150E333-8FDC-42A3-9474-1A3956D46DE8}") = "Application", "Application", "{F99FA23C-10E6-40A1-B105-D27A61F96199}"
EndProject
Project("{FAE04EC0-301F-11D3-BF4B-00C04F79EFBC}") = "SolutionSV22T1020221.Model", "SolutionSV22T1020221.Model\SolutionSV22T1020221.Model.csproj", "{B4AEFE09-CB67-42DC-B7F7-A03FC448B777}"
EndProject
Project("{FAE04EC0-301F-11D3-BF4B-00C04F79EFBC}") = "SV22T1020221.DataLayer", "SV22T1020221.DataLayer\SV22T1020221.DataLayer.csproj", "{DA7894ED-27A8-438D-8690-C2AF8577FA0B}"
EndProject
Project("{FAE04EC0-301F-11D3-BF4B-00C04F79EFBC}") = "SV22T1020221.BusinessLayer", "SV22T1020221.BusinessLayer\SV22T1020221.BusinessLayer.csproj", "{3CB29EC9-24CE-4521-A7DD-C7FAB0E79DB2}"
EndProject
Project("{FAE04EC0-301F-11D3-BF4B-00C04F79EFBC}") = "Shop_SolutionSV22T1020221.Model", "Shop_SolutionSV22T1020221.Model\Shop_SolutionSV22T1020221.Model.csproj", "{8BFB2D34-F08C-480B-92BB-72EE2D860255}"
EndProject
Project("{FAE04EC0-301F-11D3-BF4B-00C04F79EFBC}") = "Shop_SolutionSV22T1020221.DataLayer", "Shop_SolutionSV22T1020221.DataLayer\Shop_SolutionSV22T1020221.DataLayer.csproj", "{BE35A435-741C-4078-84F0-7470B537EB02}"
EndProject
Project("{FAE04EC0-301F-11D3-BF4B-00C04F79EFBC}") = "Shop_SolutionSV22T1020221.BusinessLayer", "Shop_SolutionSV22T1020221.BusinessLayer\Shop_SolutionSV22T1020221.BusinessLayer.csproj", "{B89E3E39-3F25-45F4-A131-049B7E51BDE8}"
EndProject
Global
	GlobalSection(SolutionConfigurationPlatforms) = preSolution
		Debug|Any CPU = Debug|Any CPU
		Release|Any CPU = Release|Any CPU
	EndGlobalSection
	GlobalSection(ProjectConfigurationPlatforms) = postSolution
		{FAD90A07-B6E9-489A-AF12-032268E70D17}.Debug|Any CPU.ActiveCfg = Debug|Any CPU
		{FAD90A07-B6E9-489A-AF12-032268E70D17}.Debug|Any CPU.Build.0 = Debug|Any CPU
		{FAD90A07-B6E9-489A-AF12-032268E70D17}.Release|Any CPU.ActiveCfg = Release|Any CPU
		{FAD90A07-B6E9-489A-AF12-032268E70D17}.Release|Any CPU.Build.0 = Release|Any CPU
		{A7DB459A-8576-4D93-A9BB-7308F0D550EC}.Debug|Any CPU.ActiveCfg = Debug|Any CPU
		{A7DB459A-8576-4D93-A9BB-7308F0D550EC}.Debug|Any CPU.Build.0 = Debug|Any CPU
		{A7DB459A-8576-4D93-A9BB-7308F0D550EC}.Release|Any CPU.ActiveCfg = Release|Any CPU
		{A7DB459A-8576-4D93-A9BB-7308F0D550EC}.Release|Any CPU.Build.0 = Release|Any CPU
		{B4AEFE09-CB67-42DC-B7F7-A03FC448B777}.Debug|Any CPU.ActiveCfg = Debug|Any CPU
		{B4AEFE09-CB67-42DC-B7F7-A03FC448B777}.Debug|Any CPU.Build.0 = Debug|Any CPU
		{B4AEFE09-CB67-42DC-B7F7-A03FC448B777}.Release|Any CPU.ActiveCfg = Release|Any CPU
		{B4AEFE09-CB67-42DC-B7F7-A03FC448B777}.Release|Any CPU.Build.0 = Release|Any CPU
		{DA7894ED-27A8-438D-8690-C2AF8577FA0B}.Debug|Any CPU.ActiveCfg = Debug|Any CPU
		{DA7894ED-27A8-438D-8690-C2AF8577FA0B}.Debug|Any CPU.Build.0 = Debug|Any CPU
		{DA7894ED-27A8-438D-8690-C2AF8577FA0B}.Release|Any CPU.ActiveCfg = Release|Any CPU
		{DA7894ED-27A8-438D-8690-C2AF8577FA0B}.Release|Any CPU.Build.0 = Release|Any CPU
		{3CB29EC9-24CE-4521-A7DD-C7FAB0E79DB2}.Debug|Any CPU.ActiveCfg = Debug|Any CPU
		{3CB29EC9-24CE-4521-A7DD-C7FAB0E79DB2}.Debug|Any CPU.Build.0 = Debug|Any CPU
		{3CB29EC9-24CE-4521-A7DD-C7FAB0E79DB2}.Release|Any CPU.ActiveCfg = Release|Any CPU
		{3CB29EC9-24CE-4521-A7DD-C7FAB0E79DB2}.Release|Any CPU.Build.0 = Release|Any CPU
		{8BFB2D34-F08C-480B-92BB-72EE2D860255}.Debug|Any CPU.ActiveCfg = Debug|Any CPU
		{8BFB2D34-F08C-480B-92BB-72EE2D860255}.Debug|Any CPU.Build.0 = Debug|Any CPU
		{8BFB2D34-F08C-480B-92BB-72EE2D860255}.Release|Any CPU.ActiveCfg = Release|Any CPU
		{8BFB2D34-F08C-480B-92BB-72EE2D860255}.Release|Any CPU.Build.0 = Release|Any CPU
		{BE35A435-741C-4078-84F0-7470B537EB02}.Debug|Any CPU.ActiveCfg = Debug|Any CPU
		{BE35A435-741C-4078-84F0-7470B537EB02}.Debug|Any CPU.Build.0 = Debug|Any CPU
		{BE35A435-741C-4078-84F0-7470B537EB02}.Release|Any CPU.ActiveCfg = Release|Any CPU
		{BE35A435-741C-4078-84F0-7470B537EB02}.Release|Any CPU.Build.0 = Release|Any CPU
		{B89E3E39-3F25-45F4-A131-049B7E51BDE8}.Debug|Any CPU.ActiveCfg = Debug|Any CPU
		{B89E3E39-3F25-45F4-A131-049B7E51BDE8}.Debug|Any CPU.Build.0 = Debug|Any CPU
		{B89E3E39-3F25-45F4-A131-049B7E51BDE8}.Release|Any CPU.ActiveCfg = Release|Any CPU
		{B89E3E39-3F25-45F4-A131-049B7E51BDE8}.Release|Any CPU.Build.0 = Release|Any CPU
	EndGlobalSection
	GlobalSection(SolutionProperties) = preSolution
		HideSolutionNode = FALSE
	EndGlobalSection
	GlobalSection(NestedProjects) = preSolution
		{FAD90A07-B6E9-489A-AF12-032268E70D17} = {F99FA23C-10E6-40A1-B105-D27A61F96199}
		{A7DB459A-8576-4D93-A9BB-7308F0D550EC} = {F99FA23C-10E6-40A1-B105-D27A61F96199}
		{B4AEFE09-CB67-42DC-B7F7-A03FC448B777} = {02EA681E-C7D8-13C7-8484-4AC65E1B71E8}
		{DA7894ED-27A8-438D-8690-C2AF8577FA0B} = {02EA681E-C7D8-13C7-8484-4AC65E1B71E8}
		{3CB29EC9-24CE-4521-A7DD-C7FAB0E79DB2} = {02EA681E-C7D8-13C7-8484-4AC65E1B71E8}
		{8BFB2D34-F08C-480B-92BB-72EE2D860255} = {02EA681E-C7D8-13C7-8484-4AC65E1B71E8}
		{BE35A435-741C-4078-84F0-7470B537EB02} = {02EA681E-C7D8-13C7-8484-4AC65E1B71E8}
		{B89E3E39-3F25-45F4-A131-049B7E51BDE8} = {02EA681E-C7D8-13C7-8484-4AC65E1B71E8}
	EndGlobalSection
	GlobalSection(ExtensibilityGlobals) = postSolution
		SolutionGuid = {399C2B72-F2EC-4A18-BFA9-45B16EBAE120}
	EndGlobalSection
EndGlobal
